
Microsoft Visual Studio Solution File, Format Version 12.00
# Visual Studio Version 17
VisualStudioVersion = 17.10.35122.118
MinimumVisualStudioVersion = 10.0.40219.1
Project("{FAE04EC0-301F-11D3-BF4B-00C04F79EFBC}") = "Exer03", "Exer03\Exer03.csproj", "{31E38DD2-BFC1-4242-8CCB-CF0F7F55EC97}"
EndProject
Global
	GlobalSection(SolutionConfigurationPlatforms) = preSolution
		Debug|Any CPU = Debug|Any CPU
		Release|Any CPU = Release|Any CPU
	EndGlobalSection
	GlobalSection(ProjectConfigurationPlatforms) = postSolution
		{31E38DD2-BFC1-4242-8CCB-CF0F7F55EC97}.Debug|Any CPU.ActiveCfg = Debug|Any CPU
		{31E38DD2-BFC1-4242-8CCB-CF0F7F55EC97}.Debug|Any CPU.Build.0 = Debug|Any CPU
		{31E38DD2-BFC1-4242-8CCB-CF0F7F55EC97}.Release|Any CPU.ActiveCfg = Release|Any CPU
		{31E38DD2-BFC1-4242-8CCB-CF0F7F55EC97}.Release|Any CPU.Build.0 = Release|Any CPU
	EndGlobalSection
	GlobalSection(SolutionProperties) = preSolution
		HideSolutionNode = FALSE
	EndGlobalSection
	GlobalSection(ExtensibilityGlobals) = postSolution
		SolutionGuid = {EF57FB23-1630-4F98-8B06-5E922B3A2B38}
	EndGlobalSection
EndGlobal
