
Microsoft Visual Studio Solution File, Format Version 12.00
# Visual Studio Version 17
VisualStudioVersion = 17.10.35122.118
MinimumVisualStudioVersion = 10.0.40219.1
Project("{FAE04EC0-301F-11D3-BF4B-00C04F79EFBC}") = "Sobrecarga", "Sobrecarga\Sobrecarga.csproj", "{683D8043-FA81-441B-A117-A73BDF4167B4}"
EndProject
Global
	GlobalSection(SolutionConfigurationPlatforms) = preSolution
		Debug|Any CPU = Debug|Any CPU
		Release|Any CPU = Release|Any CPU
	EndGlobalSection
	GlobalSection(ProjectConfigurationPlatforms) = postSolution
		{683D8043-FA81-441B-A117-A73BDF4167B4}.Debug|Any CPU.ActiveCfg = Debug|Any CPU
		{683D8043-FA81-441B-A117-A73BDF4167B4}.Debug|Any CPU.Build.0 = Debug|Any CPU
		{683D8043-FA81-441B-A117-A73BDF4167B4}.Release|Any CPU.ActiveCfg = Release|Any CPU
		{683D8043-FA81-441B-A117-A73BDF4167B4}.Release|Any CPU.Build.0 = Release|Any CPU
	EndGlobalSection
	GlobalSection(SolutionProperties) = preSolution
		HideSolutionNode = FALSE
	EndGlobalSection
	GlobalSection(ExtensibilityGlobals) = postSolution
		SolutionGuid = {7BB0335A-FDCA-4C5D-93F8-0753996D50C0}
	EndGlobalSection
EndGlobal
