
Microsoft Visual Studio Solution File, Format Version 12.00
# Visual Studio Version 17
VisualStudioVersion = 17.10.35122.118
MinimumVisualStudioVersion = 10.0.40219.1
Project("{FAE04EC0-301F-11D3-BF4B-00C04F79EFBC}") = "Exemplo02", "Exemplo02\Exemplo02.csproj", "{CF015BE7-4A06-4530-9EE5-404C288C9E01}"
EndProject
Global
	GlobalSection(SolutionConfigurationPlatforms) = preSolution
		Debug|Any CPU = Debug|Any CPU
		Release|Any CPU = Release|Any CPU
	EndGlobalSection
	GlobalSection(ProjectConfigurationPlatforms) = postSolution
		{CF015BE7-4A06-4530-9EE5-404C288C9E01}.Debug|Any CPU.ActiveCfg = Debug|Any CPU
		{CF015BE7-4A06-4530-9EE5-404C288C9E01}.Debug|Any CPU.Build.0 = Debug|Any CPU
		{CF015BE7-4A06-4530-9EE5-404C288C9E01}.Release|Any CPU.ActiveCfg = Release|Any CPU
		{CF015BE7-4A06-4530-9EE5-404C288C9E01}.Release|Any CPU.Build.0 = Release|Any CPU
	EndGlobalSection
	GlobalSection(SolutionProperties) = preSolution
		HideSolutionNode = FALSE
	EndGlobalSection
	GlobalSection(ExtensibilityGlobals) = postSolution
		SolutionGuid = {0085B144-9C91-4114-BCCE-0DD0F0319073}
	EndGlobalSection
EndGlobal
