
Microsoft Visual Studio Solution File, Format Version 12.00
# Visual Studio Version 17
VisualStudioVersion = 17.10.35122.118
MinimumVisualStudioVersion = 10.0.40219.1
Project("{FAE04EC0-301F-11D3-BF4B-00C04F79EFBC}") = "Funcoes", "Funcoes\Funcoes.csproj", "{87679130-1944-43DF-95C8-3758D472FA52}"
EndProject
Global
	GlobalSection(SolutionConfigurationPlatforms) = preSolution
		Debug|Any CPU = Debug|Any CPU
		Release|Any CPU = Release|Any CPU
	EndGlobalSection
	GlobalSection(ProjectConfigurationPlatforms) = postSolution
		{87679130-1944-43DF-95C8-3758D472FA52}.Debug|Any CPU.ActiveCfg = Debug|Any CPU
		{87679130-1944-43DF-95C8-3758D472FA52}.Debug|Any CPU.Build.0 = Debug|Any CPU
		{87679130-1944-43DF-95C8-3758D472FA52}.Release|Any CPU.ActiveCfg = Release|Any CPU
		{87679130-1944-43DF-95C8-3758D472FA52}.Release|Any CPU.Build.0 = Release|Any CPU
	EndGlobalSection
	GlobalSection(SolutionProperties) = preSolution
		HideSolutionNode = FALSE
	EndGlobalSection
	GlobalSection(ExtensibilityGlobals) = postSolution
		SolutionGuid = {21C345D3-850D-4E21-AF2E-1159F1055595}
	EndGlobalSection
EndGlobal
