
Microsoft Visual Studio Solution File, Format Version 12.00
# Visual Studio Version 17
VisualStudioVersion = 17.10.35122.118
MinimumVisualStudioVersion = 10.0.40219.1
Project("{FAE04EC0-301F-11D3-BF4B-00C04F79EFBC}") = "OperadoresComparativos", "OperadoresComparativos\OperadoresComparativos.csproj", "{CD8D8232-EFC8-4CC4-8302-97D09208B5EA}"
EndProject
Global
	GlobalSection(SolutionConfigurationPlatforms) = preSolution
		Debug|Any CPU = Debug|Any CPU
		Release|Any CPU = Release|Any CPU
	EndGlobalSection
	GlobalSection(ProjectConfigurationPlatforms) = postSolution
		{CD8D8232-EFC8-4CC4-8302-97D09208B5EA}.Debug|Any CPU.ActiveCfg = Debug|Any CPU
		{CD8D8232-EFC8-4CC4-8302-97D09208B5EA}.Debug|Any CPU.Build.0 = Debug|Any CPU
		{CD8D8232-EFC8-4CC4-8302-97D09208B5EA}.Release|Any CPU.ActiveCfg = Release|Any CPU
		{CD8D8232-EFC8-4CC4-8302-97D09208B5EA}.Release|Any CPU.Build.0 = Release|Any CPU
	EndGlobalSection
	GlobalSection(SolutionProperties) = preSolution
		HideSolutionNode = FALSE
	EndGlobalSection
	GlobalSection(ExtensibilityGlobals) = postSolution
		SolutionGuid = {59AB6D8D-9E7C-42E0-8535-7402745F2EF8}
	EndGlobalSection
EndGlobal
