
Microsoft Visual Studio Solution File, Format Version 12.00
# Visual Studio Version 17
VisualStudioVersion = 17.14.36202.13 d17.14
MinimumVisualStudioVersion = 10.0.40219.1
Project("{FAE04EC0-301F-11D3-BF4B-00C04F79EFBC}") = "ExerciciosResolvidoPolimorfismo", "ExerciciosResolvidoPolimorfismo\ExerciciosResolvidoPolimorfismo.csproj", "{36FA3019-8ED7-441B-BC28-D5FF51A9D642}"
EndProject
Global
	GlobalSection(SolutionConfigurationPlatforms) = preSolution
		Debug|Any CPU = Debug|Any CPU
		Release|Any CPU = Release|Any CPU
	EndGlobalSection
	GlobalSection(ProjectConfigurationPlatforms) = postSolution
		{36FA3019-8ED7-441B-BC28-D5FF51A9D642}.Debug|Any CPU.ActiveCfg = Debug|Any CPU
		{36FA3019-8ED7-441B-BC28-D5FF51A9D642}.Debug|Any CPU.Build.0 = Debug|Any CPU
		{36FA3019-8ED7-441B-BC28-D5FF51A9D642}.Release|Any CPU.ActiveCfg = Release|Any CPU
		{36FA3019-8ED7-441B-BC28-D5FF51A9D642}.Release|Any CPU.Build.0 = Release|Any CPU
	EndGlobalSection
	GlobalSection(SolutionProperties) = preSolution
		HideSolutionNode = FALSE
	EndGlobalSection
	GlobalSection(ExtensibilityGlobals) = postSolution
		SolutionGuid = {056FE5D1-8846-4952-91BE-BBAE342C25FE}
	EndGlobalSection
EndGlobal
