
Microsoft Visual Studio Solution File, Format Version 12.00
# Visual Studio Version 17
VisualStudioVersion = 17.10.35122.118
MinimumVisualStudioVersion = 10.0.40219.1
Project("{9A19103F-16F7-4668-BE54-9A1E7A4F7556}") = "List", "List\List.csproj", "{D81A9594-B691-4872-9E22-213C20D70829}"
EndProject
Global
	GlobalSection(SolutionConfigurationPlatforms) = preSolution
		Debug|Any CPU = Debug|Any CPU
		Release|Any CPU = Release|Any CPU
	EndGlobalSection
	GlobalSection(ProjectConfigurationPlatforms) = postSolution
		{D81A9594-B691-4872-9E22-213C20D70829}.Debug|Any CPU.ActiveCfg = Debug|Any CPU
		{D81A9594-B691-4872-9E22-213C20D70829}.Debug|Any CPU.Build.0 = Debug|Any CPU
		{D81A9594-B691-4872-9E22-213C20D70829}.Release|Any CPU.ActiveCfg = Release|Any CPU
		{D81A9594-B691-4872-9E22-213C20D70829}.Release|Any CPU.Build.0 = Release|Any CPU
	EndGlobalSection
	GlobalSection(SolutionProperties) = preSolution
		HideSolutionNode = FALSE
	EndGlobalSection
	GlobalSection(ExtensibilityGlobals) = postSolution
		SolutionGuid = {FD767470-F1FA-46CF-847A-7A25D9C8BA19}
	EndGlobalSection
EndGlobal
