
Microsoft Visual Studio Solution File, Format Version 12.00
# Visual Studio Version 17
VisualStudioVersion = 17.10.35122.118
MinimumVisualStudioVersion = 10.0.40219.1
Project("{FAE04EC0-301F-11D3-BF4B-00C04F79EFBC}") = "Exer01", "Exer01\Exer01.csproj", "{D5780775-22D8-4F4D-8336-11A2C4091AC9}"
EndProject
Global
	GlobalSection(SolutionConfigurationPlatforms) = preSolution
		Debug|Any CPU = Debug|Any CPU
		Release|Any CPU = Release|Any CPU
	EndGlobalSection
	GlobalSection(ProjectConfigurationPlatforms) = postSolution
		{D5780775-22D8-4F4D-8336-11A2C4091AC9}.Debug|Any CPU.ActiveCfg = Debug|Any CPU
		{D5780775-22D8-4F4D-8336-11A2C4091AC9}.Debug|Any CPU.Build.0 = Debug|Any CPU
		{D5780775-22D8-4F4D-8336-11A2C4091AC9}.Release|Any CPU.ActiveCfg = Release|Any CPU
		{D5780775-22D8-4F4D-8336-11A2C4091AC9}.Release|Any CPU.Build.0 = Release|Any CPU
	EndGlobalSection
	GlobalSection(SolutionProperties) = preSolution
		HideSolutionNode = FALSE
	EndGlobalSection
	GlobalSection(ExtensibilityGlobals) = postSolution
		SolutionGuid = {49C9E1C0-16D4-4ACE-8B0B-F1F98B7685F3}
	EndGlobalSection
EndGlobal
