
Microsoft Visual Studio Solution File, Format Version 12.00
# Visual Studio Version 17
VisualStudioVersion = 17.10.35122.118
MinimumVisualStudioVersion = 10.0.40219.1
Project("{FAE04EC0-301F-11D3-BF4B-00C04F79EFBC}") = "ExercicoProposto02", "ExercicoProposto02\ExercicoProposto02.csproj", "{4F7B1306-5C27-4A09-98C5-D6AA082069DB}"
EndProject
Global
	GlobalSection(SolutionConfigurationPlatforms) = preSolution
		Debug|Any CPU = Debug|Any CPU
		Release|Any CPU = Release|Any CPU
	EndGlobalSection
	GlobalSection(ProjectConfigurationPlatforms) = postSolution
		{4F7B1306-5C27-4A09-98C5-D6AA082069DB}.Debug|Any CPU.ActiveCfg = Debug|Any CPU
		{4F7B1306-5C27-4A09-98C5-D6AA082069DB}.Debug|Any CPU.Build.0 = Debug|Any CPU
		{4F7B1306-5C27-4A09-98C5-D6AA082069DB}.Release|Any CPU.ActiveCfg = Release|Any CPU
		{4F7B1306-5C27-4A09-98C5-D6AA082069DB}.Release|Any CPU.Build.0 = Release|Any CPU
	EndGlobalSection
	GlobalSection(SolutionProperties) = preSolution
		HideSolutionNode = FALSE
	EndGlobalSection
	GlobalSection(ExtensibilityGlobals) = postSolution
		SolutionGuid = {C55E7F6B-F720-44C8-9838-8CCA3F42AC5B}
	EndGlobalSection
EndGlobal
