
Microsoft Visual Studio Solution File, Format Version 12.00
# Visual Studio Version 17
VisualStudioVersion = 17.10.35122.118
MinimumVisualStudioVersion = 10.0.40219.1
Project("{FAE04EC0-301F-11D3-BF4B-00C04F79EFBC}") = "FuncoesString", "FuncoesString\FuncoesString.csproj", "{52CC4D13-DC6D-4B2A-AACA-64DC65B95578}"
EndProject
Global
	GlobalSection(SolutionConfigurationPlatforms) = preSolution
		Debug|Any CPU = Debug|Any CPU
		Release|Any CPU = Release|Any CPU
	EndGlobalSection
	GlobalSection(ProjectConfigurationPlatforms) = postSolution
		{52CC4D13-DC6D-4B2A-AACA-64DC65B95578}.Debug|Any CPU.ActiveCfg = Debug|Any CPU
		{52CC4D13-DC6D-4B2A-AACA-64DC65B95578}.Debug|Any CPU.Build.0 = Debug|Any CPU
		{52CC4D13-DC6D-4B2A-AACA-64DC65B95578}.Release|Any CPU.ActiveCfg = Release|Any CPU
		{52CC4D13-DC6D-4B2A-AACA-64DC65B95578}.Release|Any CPU.Build.0 = Release|Any CPU
	EndGlobalSection
	GlobalSection(SolutionProperties) = preSolution
		HideSolutionNode = FALSE
	EndGlobalSection
	GlobalSection(ExtensibilityGlobals) = postSolution
		SolutionGuid = {5E48D5BD-3B41-4A78-A04C-AF8AB24D2517}
	EndGlobalSection
EndGlobal
