
Microsoft Visual Studio Solution File, Format Version 12.00
# Visual Studio Version 17
VisualStudioVersion = 17.10.35122.118
MinimumVisualStudioVersion = 10.0.40219.1
Project("{FAE04EC0-301F-11D3-BF4B-00C04F79EFBC}") = "ExemploVetorComClasse", "ExemploVetorComClasse\ExemploVetorComClasse.csproj", "{58CB627F-A3AB-43F9-A4E0-1B8EADD05526}"
EndProject
Global
	GlobalSection(SolutionConfigurationPlatforms) = preSolution
		Debug|Any CPU = Debug|Any CPU
		Release|Any CPU = Release|Any CPU
	EndGlobalSection
	GlobalSection(ProjectConfigurationPlatforms) = postSolution
		{58CB627F-A3AB-43F9-A4E0-1B8EADD05526}.Debug|Any CPU.ActiveCfg = Debug|Any CPU
		{58CB627F-A3AB-43F9-A4E0-1B8EADD05526}.Debug|Any CPU.Build.0 = Debug|Any CPU
		{58CB627F-A3AB-43F9-A4E0-1B8EADD05526}.Release|Any CPU.ActiveCfg = Release|Any CPU
		{58CB627F-A3AB-43F9-A4E0-1B8EADD05526}.Release|Any CPU.Build.0 = Release|Any CPU
	EndGlobalSection
	GlobalSection(SolutionProperties) = preSolution
		HideSolutionNode = FALSE
	EndGlobalSection
	GlobalSection(ExtensibilityGlobals) = postSolution
		SolutionGuid = {B1DEF51D-975B-4920-8670-EE5452D92164}
	EndGlobalSection
EndGlobal
