
Microsoft Visual Studio Solution File, Format Version 12.00
# Visual Studio Version 17
VisualStudioVersion = 17.10.35122.118
MinimumVisualStudioVersion = 10.0.40219.1
Project("{FAE04EC0-301F-11D3-BF4B-00C04F79EFBC}") = "AutoProperties", "AutoProperties\AutoProperties.csproj", "{50906FAA-16F7-411A-87C3-DA0651F87AAE}"
EndProject
Global
	GlobalSection(SolutionConfigurationPlatforms) = preSolution
		Debug|Any CPU = Debug|Any CPU
		Release|Any CPU = Release|Any CPU
	EndGlobalSection
	GlobalSection(ProjectConfigurationPlatforms) = postSolution
		{50906FAA-16F7-411A-87C3-DA0651F87AAE}.Debug|Any CPU.ActiveCfg = Debug|Any CPU
		{50906FAA-16F7-411A-87C3-DA0651F87AAE}.Debug|Any CPU.Build.0 = Debug|Any CPU
		{50906FAA-16F7-411A-87C3-DA0651F87AAE}.Release|Any CPU.ActiveCfg = Release|Any CPU
		{50906FAA-16F7-411A-87C3-DA0651F87AAE}.Release|Any CPU.Build.0 = Release|Any CPU
	EndGlobalSection
	GlobalSection(SolutionProperties) = preSolution
		HideSolutionNode = FALSE
	EndGlobalSection
	GlobalSection(ExtensibilityGlobals) = postSolution
		SolutionGuid = {590A9B61-E7E1-45D4-9379-B187C041040C}
	EndGlobalSection
EndGlobal
