
Microsoft Visual Studio Solution File, Format Version 12.00
# Visual Studio Version 17
VisualStudioVersion = 17.10.35122.118
MinimumVisualStudioVersion = 10.0.40219.1
Project("{FAE04EC0-301F-11D3-BF4B-00C04F79EFBC}") = "Exer02", "Exer02\Exer02.csproj", "{FC909FFF-89A5-4A61-830B-BE5046682359}"
EndProject
Global
	GlobalSection(SolutionConfigurationPlatforms) = preSolution
		Debug|Any CPU = Debug|Any CPU
		Release|Any CPU = Release|Any CPU
	EndGlobalSection
	GlobalSection(ProjectConfigurationPlatforms) = postSolution
		{FC909FFF-89A5-4A61-830B-BE5046682359}.Debug|Any CPU.ActiveCfg = Debug|Any CPU
		{FC909FFF-89A5-4A61-830B-BE5046682359}.Debug|Any CPU.Build.0 = Debug|Any CPU
		{FC909FFF-89A5-4A61-830B-BE5046682359}.Release|Any CPU.ActiveCfg = Release|Any CPU
		{FC909FFF-89A5-4A61-830B-BE5046682359}.Release|Any CPU.Build.0 = Release|Any CPU
	EndGlobalSection
	GlobalSection(SolutionProperties) = preSolution
		HideSolutionNode = FALSE
	EndGlobalSection
	GlobalSection(ExtensibilityGlobals) = postSolution
		SolutionGuid = {55E25CB3-31A1-4B90-8F2F-4FCAEE72A244}
	EndGlobalSection
EndGlobal
