
Microsoft Visual Studio Solution File, Format Version 12.00
# Visual Studio Version 17
VisualStudioVersion = 17.10.35122.118
MinimumVisualStudioVersion = 10.0.40219.1
Project("{FAE04EC0-301F-11D3-BF4B-00C04F79EFBC}") = "CorrecaoExerFixacao", "CorrecaoExerFixacao\CorrecaoExerFixacao.csproj", "{D389BEDA-943F-46D1-A454-1F8EAB53481E}"
EndProject
Global
	GlobalSection(SolutionConfigurationPlatforms) = preSolution
		Debug|Any CPU = Debug|Any CPU
		Release|Any CPU = Release|Any CPU
	EndGlobalSection
	GlobalSection(ProjectConfigurationPlatforms) = postSolution
		{D389BEDA-943F-46D1-A454-1F8EAB53481E}.Debug|Any CPU.ActiveCfg = Debug|Any CPU
		{D389BEDA-943F-46D1-A454-1F8EAB53481E}.Debug|Any CPU.Build.0 = Debug|Any CPU
		{D389BEDA-943F-46D1-A454-1F8EAB53481E}.Release|Any CPU.ActiveCfg = Release|Any CPU
		{D389BEDA-943F-46D1-A454-1F8EAB53481E}.Release|Any CPU.Build.0 = Release|Any CPU
	EndGlobalSection
	GlobalSection(SolutionProperties) = preSolution
		HideSolutionNode = FALSE
	EndGlobalSection
	GlobalSection(ExtensibilityGlobals) = postSolution
		SolutionGuid = {D6BBAE80-6763-4C57-A801-A5036334517D}
	EndGlobalSection
EndGlobal
